<?xml version="1.0" encoding="UTF-8"?>
<CONFIG>
  <ProjectOptions>
    <Version Value="11"/>
    <PathDelim Value="\"/>
    <General>
      <Flags>
        <MainUnitIsPascalSource Value="False"/>
        <MainUnitHasUsesSectionForAllUnits Value="False"/>
        <MainUnitHasCreateFormStatements Value="False"/>
        <MainUnitHasTitleStatement Value="False"/>
        <Runnable Value="False"/>
      </Flags>
      <MainUnit Value="0"/>
      <Title Value="kernelt"/>
      <UseAppBundle Value="False"/>
      <ResourceType Value="res"/>
    </General>
    <i18n>
      <EnableI18N LFM="False"/>
    </i18n>
    <BuildModes Count="1" Active="Default">
      <Item1 Name="Default" Default="True"/>
    </BuildModes>
    <PublishOptions>
      <Version Value="2"/>
    </PublishOptions>
    <RunParams>
      <FormatVersion Value="2"/>
      <Modes Count="1">
        <Mode0 Name="default">
          <local>
            <LaunchingApplication PathPlusParams="\usr\bin\xterm -T 'Lazarus Run Output' -e $(LazarusDir)\tools\runwait.sh $(TargetCmdLine)"/>
          </local>
        </Mode0>
      </Modes>
    </RunParams>
    <Units Count="166">
      <Unit0>
        <Filename Value="kernelt.lpr"/>
        <IsPartOfProject Value="True"/>
        <TopLine Value="58"/>
        <CursorPos X="25" Y="69"/>
        <UsageCount Value="260"/>
        <Loaded Value="True"/>
      </Unit0>
      <Unit1>
        <Filename Value="system.pas"/>
        <UnitName Value="System"/>
        <UsageCount Value="2"/>
      </Unit1>
      <Unit2>
        <Filename Value="screen1.pp"/>
        <EditorIndex Value="-1"/>
        <CursorPos X="3" Y="142"/>
        <UsageCount Value="162"/>
      </Unit2>
      <Unit3>
        <Filename Value="objpas.pp"/>
        <UnitName Value="fpintres"/>
        <CursorPos X="5" Y="22"/>
        <UsageCount Value="2"/>
      </Unit3>
      <Unit4>
        <Filename Value="si_prc.pas"/>
        <CursorPos Y="22"/>
        <UsageCount Value="2"/>
      </Unit4>
      <Unit5>
        <Filename Value="si_prc.pp"/>
        <CursorPos X="24" Y="12"/>
        <UsageCount Value="2"/>
      </Unit5>
      <Unit6>
        <Filename Value="si_intf.inc"/>
        <CursorPos X="54" Y="4"/>
        <UsageCount Value="2"/>
      </Unit6>
      <Unit7>
        <Filename Value="sysnr.inc"/>
        <CursorPos X="29" Y="17"/>
        <UsageCount Value="2"/>
      </Unit7>
      <Unit8>
        <Filename Value="..\kernel_rtl\inc\systemh.inc"/>
        <EditorIndex Value="-1"/>
        <UsageCount Value="3"/>
      </Unit8>
      <Unit9>
        <Filename Value="..\kernel_rtl\inc\ustringh.inc"/>
        <EditorIndex Value="-1"/>
        <UsageCount Value="3"/>
      </Unit9>
      <Unit10>
        <Filename Value="..\kernel_rtl\inc\sstrings.inc"/>
        <EditorIndex Value="-1"/>
        <UsageCount Value="3"/>
      </Unit10>
      <Unit11>
        <Filename Value="..\kernel_rtl\inc\astrings.inc"/>
        <EditorIndex Value="-1"/>
        <TopLine Value="1529"/>
        <CursorPos X="40" Y="1547"/>
        <UsageCount Value="25"/>
      </Unit11>
      <Unit12>
        <Filename Value="..\kernel_rtl\inc\ustrings.inc"/>
        <EditorIndex Value="-1"/>
        <UsageCount Value="3"/>
      </Unit12>
      <Unit13>
        <Filename Value="..\kernel_rtl\inc\objpas.inc"/>
        <EditorIndex Value="-1"/>
        <UsageCount Value="3"/>
      </Unit13>
      <Unit14>
        <Filename Value="..\kernel_rtl\inc\variant.inc"/>
        <TopLine Value="1059"/>
        <CursorPos Y="1076"/>
        <UsageCount Value="2"/>
      </Unit14>
      <Unit15>
        <Filename Value="..\kernel_rtl\linux\system.pp"/>
        <UnitName Value="System"/>
        <EditorIndex Value="-1"/>
        <UsageCount Value="4"/>
      </Unit15>
      <Unit16>
        <Filename Value="C:\lazarus\fpc\2.6.2\source\rtl\inc\fpintres.pp"/>
        <CursorPos X="5" Y="31"/>
        <UsageCount Value="2"/>
      </Unit16>
      <Unit17>
        <Filename Value="..\shared\hardware\pic.pp"/>
        <EditorIndex Value="-1"/>
        <CursorPos X="19" Y="24"/>
        <UsageCount Value="12"/>
      </Unit17>
      <Unit18>
        <Filename Value="..\shared\ints\int34.pp"/>
        <EditorIndex Value="-1"/>
        <UsageCount Value="45"/>
      </Unit18>
      <Unit19>
        <Filename Value="..\shared\core\idt.pp"/>
        <IsPartOfProject Value="True"/>
        <EditorIndex Value="7"/>
        <TopLine Value="545"/>
        <CursorPos X="13" Y="1689"/>
        <UsageCount Value="72"/>
        <Loaded Value="True"/>
      </Unit19>
      <Unit20>
        <Filename Value="..\shared\core\global.pp"/>
        <EditorIndex Value="-1"/>
        <TopLine Value="7"/>
        <CursorPos X="18" Y="21"/>
        <UsageCount Value="39"/>
      </Unit20>
      <Unit21>
        <Filename Value="..\shared\core\gdt.pp"/>
        <EditorIndex Value="-1"/>
        <UsageCount Value="17"/>
      </Unit21>
      <Unit22>
        <Filename Value="..\shared\ints\0x34\int_screen.pp"/>
        <CursorPos X="24" Y="6"/>
        <UsageCount Value="4"/>
      </Unit22>
      <Unit23>
        <Filename Value="..\shared\core\irq.pp"/>
        <EditorIndex Value="-1"/>
        <UsageCount Value="38"/>
      </Unit23>
      <Unit24>
        <Filename Value="..\shared\drivers\drv_keyb.pp"/>
        <EditorIndex Value="-1"/>
        <TopLine Value="3"/>
        <CursorPos X="11" Y="19"/>
        <UsageCount Value="34"/>
      </Unit24>
      <Unit25>
        <Filename Value="..\shared\core\shared.pp"/>
        <EditorIndex Value="-1"/>
        <UsageCount Value="85"/>
      </Unit25>
      <Unit26>
        <Filename Value="..\shared\ints\0x34\convert.pp"/>
        <EditorIndex Value="-1"/>
        <UsageCount Value="54"/>
      </Unit26>
      <Unit27>
        <Filename Value="..\shared\hardware\cpu.pp"/>
        <EditorIndex Value="-1"/>
        <UsageCount Value="44"/>
      </Unit27>
      <Unit28>
        <Filename Value="..\shared\hardware\cmos.pp"/>
        <EditorIndex Value="-1"/>
        <UsageCount Value="27"/>
      </Unit28>
      <Unit29>
        <Filename Value="C:\lazarus\fpc\2.6.2\source\rtl\unix\crt.pp"/>
        <UnitName Value="Crt"/>
        <EditorIndex Value="-1"/>
        <TopLine Value="1588"/>
        <UsageCount Value="2"/>
      </Unit29>
      <Unit30>
        <Filename Value="..\shared\ints\0x34\timer.pp"/>
        <EditorIndex Value="-1"/>
        <TopLine Value="308"/>
        <CursorPos X="5" Y="339"/>
        <UsageCount Value="29"/>
      </Unit30>
      <Unit31>
        <Filename Value="test.pas"/>
        <EditorIndex Value="-1"/>
        <TopLine Value="232"/>
        <CursorPos X="3" Y="239"/>
        <UsageCount Value="40"/>
      </Unit31>
      <Unit32>
        <Filename Value="..\..\..\..\Downloads\torokernel-master\rtl\Kernel.pas"/>
        <EditorIndex Value="-1"/>
        <TopLine Value="40"/>
        <UsageCount Value="2"/>
      </Unit32>
      <Unit33>
        <Filename Value="C:\lazarus\fpc\3.0.2\source\rtl\unix\classes.pp"/>
        <UnitName Value="Classes"/>
        <EditorIndex Value="-1"/>
        <UsageCount Value="2"/>
      </Unit33>
      <Unit34>
        <Filename Value="C:\lazarus\fpc\3.0.2\source\rtl\inc\systemh.inc"/>
        <EditorIndex Value="-1"/>
        <UsageCount Value="7"/>
      </Unit34>
      <Unit35>
        <Filename Value="C:\lazarus\fpc\3.0.2\source\rtl\inc\sstrings.inc"/>
        <EditorIndex Value="-1"/>
        <UsageCount Value="10"/>
      </Unit35>
      <Unit36>
        <Filename Value="C:\lazarus\fpc\3.0.2\source\rtl\inc\strings.pp"/>
        <EditorIndex Value="-1"/>
        <UsageCount Value="10"/>
      </Unit36>
      <Unit37>
        <Filename Value="C:\lazarus\fpc\3.0.2\source\rtl\inc\stringsi.inc"/>
        <EditorIndex Value="-1"/>
        <UsageCount Value="10"/>
      </Unit37>
      <Unit38>
        <Filename Value="C:\lazarus\fpc\3.0.2\source\rtl\inc\system.inc"/>
        <EditorIndex Value="-1"/>
        <UsageCount Value="10"/>
      </Unit38>
      <Unit39>
        <Filename Value="C:\lazarus\fpc\3.0.2\source\rtl\inc\objc.pp"/>
        <EditorIndex Value="-1"/>
        <UsageCount Value="2"/>
      </Unit39>
      <Unit40>
        <Filename Value="C:\lazarus\fpc\3.0.2\source\rtl\inc\cgeneric.inc"/>
        <EditorIndex Value="-1"/>
        <UsageCount Value="2"/>
      </Unit40>
      <Unit41>
        <Filename Value="C:\lazarus\fpc\3.0.2\source\rtl\inc\astrings.inc"/>
        <EditorIndex Value="-1"/>
        <UsageCount Value="2"/>
      </Unit41>
      <Unit42>
        <Filename Value="C:\lazarus\fpc\3.0.2\source\rtl\inc\cgenstr.inc"/>
        <EditorIndex Value="-1"/>
        <UsageCount Value="10"/>
      </Unit42>
      <Unit43>
        <Filename Value="C:\lazarus\fpc\3.0.2\source\rtl\inc\compproc.inc"/>
        <EditorIndex Value="-1"/>
        <UsageCount Value="10"/>
      </Unit43>
      <Unit44>
        <Filename Value="C:\lazarus\fpc\3.0.2\source\rtl\i386\i386.inc"/>
        <EditorIndex Value="-1"/>
        <UsageCount Value="10"/>
      </Unit44>
      <Unit45>
        <Filename Value="..\kernel_rtl\inc\compproc.inc"/>
        <EditorIndex Value="-1"/>
        <UsageCount Value="25"/>
      </Unit45>
      <Unit46>
        <Filename Value="C:\lazarus\fpc\3.0.2\source\rtl\inc\text.inc"/>
        <EditorIndex Value="-1"/>
        <UsageCount Value="10"/>
      </Unit46>
      <Unit47>
        <Filename Value="global.pas"/>
        <EditorIndex Value="-1"/>
        <CursorPos X="14" Y="9"/>
        <UsageCount Value="13"/>
      </Unit47>
      <Unit48>
        <Filename Value="..\shared\ints\0x34\objects\control.pp"/>
        <EditorIndex Value="-1"/>
        <TopLine Value="57"/>
        <CursorPos X="12" Y="75"/>
        <UsageCount Value="3"/>
      </Unit48>
      <Unit49>
        <Filename Value="global.pp"/>
        <EditorIndex Value="-1"/>
        <WindowIndex Value="-1"/>
        <TopLine Value="-1"/>
        <CursorPos X="-1" Y="-1"/>
        <UsageCount Value="13"/>
      </Unit49>
      <Unit50>
        <Filename Value="tglobal.pp"/>
        <EditorIndex Value="-1"/>
        <CursorPos X="30" Y="15"/>
        <UsageCount Value="81"/>
      </Unit50>
      <Unit51>
        <Filename Value="loader.pp"/>
        <IsPartOfProject Value="True"/>
        <EditorIndex Value="9"/>
        <TopLine Value="35"/>
        <CursorPos X="16" Y="30"/>
        <UsageCount Value="159"/>
        <Loaded Value="True"/>
      </Unit51>
      <Unit52>
        <Filename Value="..\kernel_rtl\linux\i386\si_prc.inc"/>
        <EditorIndex Value="-1"/>
        <UsageCount Value="25"/>
      </Unit52>
      <Unit53>
        <Filename Value="..\kernel_rtl\linux\i386\si_uc.inc"/>
        <EditorIndex Value="-1"/>
        <UsageCount Value="4"/>
      </Unit53>
      <Unit54>
        <Filename Value="..\kernel_rtl\linux\i386\syscall.inc"/>
        <EditorIndex Value="-1"/>
        <UsageCount Value="4"/>
      </Unit54>
      <Unit55>
        <Filename Value="..\kernel_rtl\linux\i386\syscallh.inc"/>
        <EditorIndex Value="-1"/>
        <TopLine Value="7"/>
        <UsageCount Value="4"/>
      </Unit55>
      <Unit56>
        <Filename Value="..\kernel_rtl\linux\i386\sysnr.inc"/>
        <EditorIndex Value="-1"/>
        <TopLine Value="297"/>
        <UsageCount Value="4"/>
      </Unit56>
      <Unit57>
        <Filename Value="..\kernel_rtl\linux\errno.inc"/>
        <EditorIndex Value="-1"/>
        <TopLine Value="141"/>
        <UsageCount Value="3"/>
      </Unit57>
      <Unit58>
        <Filename Value="..\kernel_rtl\linux\linux.pp"/>
        <UnitName Value="Linux"/>
        <EditorIndex Value="-1"/>
        <UsageCount Value="4"/>
      </Unit58>
      <Unit59>
        <Filename Value="..\kernel_rtl\linux\linuxvcs.pp"/>
        <EditorIndex Value="-1"/>
        <UsageCount Value="4"/>
      </Unit59>
      <Unit60>
        <Filename Value="..\kernel_rtl\linux\oldlinux.pp"/>
        <EditorIndex Value="-1"/>
        <UsageCount Value="4"/>
      </Unit60>
      <Unit61>
        <Filename Value="..\kernel_rtl\linux\ptypes.inc"/>
        <EditorIndex Value="-1"/>
        <UsageCount Value="4"/>
      </Unit61>
      <Unit62>
        <Filename Value="..\kernel_rtl\linux\si_c.pp"/>
        <EditorIndex Value="-1"/>
        <UsageCount Value="4"/>
      </Unit62>
      <Unit63>
        <Filename Value="..\kernel_rtl\linux\si_c21.pp"/>
        <EditorIndex Value="-1"/>
        <UsageCount Value="4"/>
      </Unit63>
      <Unit64>
        <Filename Value="..\kernel_rtl\linux\si_c21g.pp"/>
        <EditorIndex Value="-1"/>
        <UsageCount Value="4"/>
      </Unit64>
      <Unit65>
        <Filename Value="..\kernel_rtl\linux\si_dll.pp"/>
        <EditorIndex Value="-1"/>
        <UsageCount Value="4"/>
      </Unit65>
      <Unit66>
        <Filename Value="..\kernel_rtl\linux\si_g.pp"/>
        <EditorIndex Value="-1"/>
        <UsageCount Value="4"/>
      </Unit66>
      <Unit67>
        <Filename Value="..\kernel_rtl\linux\si_intf.inc"/>
        <EditorIndex Value="-1"/>
        <UsageCount Value="4"/>
      </Unit67>
      <Unit68>
        <Filename Value="..\kernel_rtl\linux\si_prc.pp"/>
        <EditorIndex Value="-1"/>
        <UsageCount Value="4"/>
      </Unit68>
      <Unit69>
        <Filename Value="..\kernel_rtl\linux\si_uc.pp"/>
        <EditorIndex Value="-1"/>
        <UsageCount Value="4"/>
      </Unit69>
      <Unit70>
        <Filename Value="..\kernel_rtl\linux\signal.inc"/>
        <EditorIndex Value="-1"/>
        <TopLine Value="13"/>
        <CursorPos X="44" Y="18"/>
        <UsageCount Value="4"/>
      </Unit70>
      <Unit71>
        <Filename Value="..\kernel_rtl\linux\sysos.inc"/>
        <EditorIndex Value="-1"/>
        <TopLine Value="130"/>
        <UsageCount Value="4"/>
      </Unit71>
      <Unit72>
        <Filename Value="..\kernel_rtl\i386\setjump.inc"/>
        <EditorIndex Value="-1"/>
        <TopLine Value="7"/>
        <UsageCount Value="23"/>
      </Unit72>
      <Unit73>
        <Filename Value="..\kernel_rtl\i386\set.inc"/>
        <EditorIndex Value="-1"/>
        <UsageCount Value="3"/>
      </Unit73>
      <Unit74>
        <Filename Value="..\kernel_rtl\i386\cpu.pp"/>
        <EditorIndex Value="-1"/>
        <UsageCount Value="3"/>
      </Unit74>
      <Unit75>
        <Filename Value="..\kernel_rtl\i386\fastmove.inc"/>
        <EditorIndex Value="-1"/>
        <UsageCount Value="3"/>
      </Unit75>
      <Unit76>
        <Filename Value="..\kernel_rtl\i386\i386.inc"/>
        <EditorIndex Value="-1"/>
        <TopLine Value="1386"/>
        <CursorPos X="23" Y="1419"/>
        <UsageCount Value="21"/>
      </Unit76>
      <Unit77>
        <Filename Value="..\kernel_rtl\i386\int64p.inc"/>
        <EditorIndex Value="-1"/>
        <UsageCount Value="3"/>
      </Unit77>
      <Unit78>
        <Filename Value="..\kernel_rtl\i386\makefile.cpu"/>
        <EditorIndex Value="-1"/>
        <UsageCount Value="3"/>
        <DefaultSyntaxHighlighter Value="None"/>
      </Unit78>
      <Unit79>
        <Filename Value="..\kernel_rtl\i386\math.inc"/>
        <EditorIndex Value="-1"/>
        <UsageCount Value="3"/>
      </Unit79>
      <Unit80>
        <Filename Value="..\kernel_rtl\i386\mathu.inc"/>
        <EditorIndex Value="-1"/>
        <UsageCount Value="3"/>
      </Unit80>
      <Unit81>
        <Filename Value="..\kernel_rtl\i386\mmx.pp"/>
        <EditorIndex Value="-1"/>
        <TopLine Value="22"/>
        <UsageCount Value="3"/>
      </Unit81>
      <Unit82>
        <Filename Value="..\kernel_rtl\i386\readme"/>
        <EditorIndex Value="-1"/>
        <UsageCount Value="3"/>
        <DefaultSyntaxHighlighter Value="None"/>
      </Unit82>
      <Unit83>
        <Filename Value="..\kernel_rtl\i386\setjumph.inc"/>
        <EditorIndex Value="-1"/>
        <UsageCount Value="3"/>
      </Unit83>
      <Unit84>
        <Filename Value="..\kernel_rtl\i386\strings.inc"/>
        <EditorIndex Value="-1"/>
        <UsageCount Value="3"/>
      </Unit84>
      <Unit85>
        <Filename Value="..\kernel_rtl\i386\stringss.inc"/>
        <EditorIndex Value="-1"/>
        <UsageCount Value="3"/>
      </Unit85>
      <Unit86>
        <Filename Value="..\kernel_rtl\inc\aliases.inc"/>
        <EditorIndex Value="-1"/>
        <UsageCount Value="3"/>
      </Unit86>
      <Unit87>
        <Filename Value="..\kernel_rtl\inc\cgeneric.inc"/>
        <EditorIndex Value="-1"/>
        <UsageCount Value="3"/>
      </Unit87>
      <Unit88>
        <Filename Value="..\kernel_rtl\inc\cgenmath.inc"/>
        <EditorIndex Value="-1"/>
        <UsageCount Value="3"/>
      </Unit88>
      <Unit89>
        <Filename Value="..\kernel_rtl\inc\cgenstr.inc"/>
        <EditorIndex Value="-1"/>
        <UsageCount Value="3"/>
      </Unit89>
      <Unit90>
        <Filename Value="..\kernel_rtl\inc\charset.pp"/>
        <EditorIndex Value="-1"/>
        <UsageCount Value="3"/>
      </Unit90>
      <Unit91>
        <Filename Value="..\kernel_rtl\inc\cmem.pp"/>
        <EditorIndex Value="-1"/>
        <UsageCount Value="3"/>
      </Unit91>
      <Unit92>
        <Filename Value="..\kernel_rtl\inc\ctypes.pp"/>
        <EditorIndex Value="-1"/>
        <UsageCount Value="3"/>
      </Unit92>
      <Unit93>
        <Filename Value="..\kernel_rtl\inc\currh.inc"/>
        <EditorIndex Value="-1"/>
        <UsageCount Value="3"/>
      </Unit93>
      <Unit94>
        <Filename Value="..\kernel_rtl\inc\dos.inc"/>
        <EditorIndex Value="-1"/>
        <TopLine Value="253"/>
        <UsageCount Value="3"/>
      </Unit94>
      <Unit95>
        <Filename Value="..\kernel_rtl\inc\dosh.inc"/>
        <EditorIndex Value="-1"/>
        <TopLine Value="104"/>
        <UsageCount Value="3"/>
      </Unit95>
      <Unit96>
        <Filename Value="..\kernel_rtl\inc\dynarr.inc"/>
        <EditorIndex Value="-1"/>
        <TopLine Value="32"/>
        <UsageCount Value="3"/>
      </Unit96>
      <Unit97>
        <Filename Value="..\kernel_rtl\inc\dynarrh.inc"/>
        <EditorIndex Value="-1"/>
        <TopLine Value="6"/>
        <UsageCount Value="3"/>
      </Unit97>
      <Unit98>
        <Filename Value="..\kernel_rtl\inc\dynlibs.pas"/>
        <EditorIndex Value="-1"/>
        <TopLine Value="139"/>
        <UsageCount Value="3"/>
      </Unit98>
      <Unit99>
        <Filename Value="..\kernel_rtl\inc\except.inc"/>
        <EditorIndex Value="-1"/>
        <UsageCount Value="24"/>
      </Unit99>
      <Unit100>
        <Filename Value="..\kernel_rtl\inc\generic.inc"/>
        <EditorIndex Value="-1"/>
        <CursorPos X="18" Y="3"/>
        <UsageCount Value="20"/>
      </Unit100>
      <Unit101>
        <Filename Value="..\kernel_rtl\inc\genstr.inc"/>
        <EditorIndex Value="-1"/>
        <UsageCount Value="3"/>
      </Unit101>
      <Unit102>
        <Filename Value="..\kernel_rtl\inc\genstrs.inc"/>
        <EditorIndex Value="-1"/>
        <UsageCount Value="3"/>
      </Unit102>
      <Unit103>
        <Filename Value="..\kernel_rtl\inc\strings.pp"/>
        <EditorIndex Value="-1"/>
        <UsageCount Value="3"/>
      </Unit103>
      <Unit104>
        <Filename Value="..\kernel_rtl\inc\stringsi.inc"/>
        <EditorIndex Value="-1"/>
        <UsageCount Value="3"/>
      </Unit104>
      <Unit105>
        <Filename Value="..\kernel_rtl\inc\system.inc"/>
        <EditorIndex Value="-1"/>
        <TopLine Value="864"/>
        <UsageCount Value="5"/>
      </Unit105>
      <Unit106>
        <Filename Value="..\kernel_rtl\inc\text.inc"/>
        <EditorIndex Value="-1"/>
        <UsageCount Value="3"/>
      </Unit106>
      <Unit107>
        <Filename Value="..\kernel_rtl\inc\uuchar.pp"/>
        <EditorIndex Value="-1"/>
        <UsageCount Value="3"/>
      </Unit107>
      <Unit108>
        <Filename Value="..\kernel_rtl\inc\wstringh.inc"/>
        <EditorIndex Value="-1"/>
        <UsageCount Value="3"/>
      </Unit108>
      <Unit109>
        <Filename Value="..\kernel_rtl\inc\wstrings.inc"/>
        <EditorIndex Value="-1"/>
        <UsageCount Value="3"/>
      </Unit109>
      <Unit110>
        <Filename Value="..\kernel_rtl\inc\objpash.inc"/>
        <EditorIndex Value="-1"/>
        <UsageCount Value="3"/>
      </Unit110>
      <Unit111>
        <Filename Value="..\kernel_rtl\inc\lstrings.pp"/>
        <EditorIndex Value="-1"/>
        <TopLine Value="16"/>
        <UsageCount Value="3"/>
      </Unit111>
      <Unit112>
        <Filename Value="notlar.txt"/>
        <EditorIndex Value="-1"/>
        <UsageCount Value="94"/>
        <DefaultSyntaxHighlighter Value="None"/>
      </Unit112>
      <Unit113>
        <Filename Value="..\shared\drivers\mouse\drv_ps2.pp"/>
        <EditorIndex Value="-1"/>
        <TopLine Value="25"/>
        <CursorPos X="32" Y="52"/>
        <UsageCount Value="6"/>
      </Unit113>
      <Unit114>
        <Filename Value="..\shared\drivers\drv_ide.pp"/>
        <IsPartOfProject Value="True"/>
        <EditorIndex Value="-1"/>
        <UsageCount Value="29"/>
      </Unit114>
      <Unit115>
        <Filename Value="..\shared\core\devman.pp"/>
        <EditorIndex Value="-1"/>
        <UsageCount Value="16"/>
      </Unit115>
      <Unit116>
        <Filename Value="..\shared\drivers\drv_sb.pp"/>
        <EditorIndex Value="-1"/>
        <UsageCount Value="21"/>
      </Unit116>
      <Unit117>
        <Filename Value="..\shared\macro\macmsg.pp"/>
        <EditorIndex Value="-1"/>
        <TopLine Value="32"/>
        <CursorPos X="12" Y="43"/>
        <UsageCount Value="16"/>
      </Unit117>
      <Unit118>
        <Filename Value="..\shared\objects\canvas.pp"/>
        <EditorIndex Value="-1"/>
        <UsageCount Value="8"/>
      </Unit118>
      <Unit119>
        <Filename Value="..\shared\core\partman.pp"/>
        <EditorIndex Value="-1"/>
        <UsageCount Value="9"/>
      </Unit119>
      <Unit120>
        <Filename Value="..\bilden\a20.inc"/>
        <EditorIndex Value="-1"/>
        <UsageCount Value="5"/>
      </Unit120>
      <Unit121>
        <Filename Value="..\shared\ints\0x34\messages.pp"/>
        <EditorIndex Value="-1"/>
        <TopLine Value="26"/>
        <CursorPos X="42" Y="48"/>
        <UsageCount Value="6"/>
      </Unit121>
      <Unit122>
        <Filename Value="..\shared\hardware\ports.pp"/>
        <EditorIndex Value="-1"/>
        <CursorPos X="17" Y="2"/>
        <UsageCount Value="25"/>
      </Unit122>
      <Unit123>
        <Filename Value="..\shared\ints\0x34\pci.pp"/>
        <EditorIndex Value="-1"/>
        <TopLine Value="18"/>
        <CursorPos X="35" Y="42"/>
        <UsageCount Value="6"/>
      </Unit123>
      <Unit124>
        <Filename Value="..\shared\drivers\network\drv_pcnet32.pp"/>
        <EditorIndex Value="-1"/>
        <CursorPos X="19" Y="17"/>
        <UsageCount Value="6"/>
      </Unit124>
      <Unit125>
        <Filename Value="..\shared\drivers\drv_flp.pp"/>
        <IsPartOfProject Value="True"/>
        <EditorIndex Value="-1"/>
        <UsageCount Value="29"/>
      </Unit125>
      <Unit126>
        <Filename Value="..\shared\hardware\pit.pp"/>
        <EditorIndex Value="-1"/>
        <TopLine Value="4"/>
        <CursorPos X="19" Y="17"/>
        <UsageCount Value="6"/>
      </Unit126>
      <Unit127>
        <Filename Value="..\shared\ints\0x34\process.pp"/>
        <EditorIndex Value="-1"/>
        <TopLine Value="501"/>
        <CursorPos X="24" Y="522"/>
        <UsageCount Value="10"/>
      </Unit127>
      <Unit128>
        <Filename Value="..\shared\others\vmm.pp"/>
        <EditorIndex Value="-1"/>
        <UsageCount Value="6"/>
      </Unit128>
      <Unit129>
        <Filename Value="..\shared\fs\fat16.pp"/>
        <EditorIndex Value="-1"/>
        <UsageCount Value="10"/>
      </Unit129>
      <Unit130>
        <Filename Value="..\shared\fs\fat12.pp"/>
        <EditorIndex Value="-1"/>
        <UsageCount Value="6"/>
      </Unit130>
      <Unit131>
        <Filename Value="..\shared\ints\0x34\files.pp"/>
        <EditorIndex Value="-1"/>
        <TopLine Value="127"/>
        <CursorPos X="3" Y="134"/>
        <UsageCount Value="10"/>
      </Unit131>
      <Unit132>
        <Filename Value="..\shared\core\sysmngr.pp"/>
        <EditorIndex Value="-1"/>
        <UsageCount Value="7"/>
      </Unit132>
      <Unit133>
        <Filename Value="..\shared\core\loader.pp"/>
        <EditorIndex Value="-1"/>
        <UsageCount Value="7"/>
      </Unit133>
      <Unit134>
        <Filename Value="..\shared\ints\0x34\memory.pp"/>
        <EditorIndex Value="-1"/>
        <UsageCount Value="6"/>
      </Unit134>
      <Unit135>
        <Filename Value="test3.pp"/>
        <EditorIndex Value="-1"/>
        <UsageCount Value="41"/>
      </Unit135>
      <Unit136>
        <Filename Value="sysmngr.pp"/>
        <IsPartOfProject Value="True"/>
        <IsVisibleTab Value="True"/>
        <EditorIndex Value="8"/>
        <TopLine Value="91"/>
        <CursorPos X="21" Y="106"/>
        <UsageCount Value="82"/>
        <Loaded Value="True"/>
      </Unit136>
      <Unit137>
        <Filename Value="..\shared\ints\0x34\screen.pp"/>
        <EditorIndex Value="-1"/>
        <UsageCount Value="7"/>
      </Unit137>
      <Unit138>
        <Filename Value="macro\macmsg.pp"/>
        <EditorIndex Value="-1"/>
        <UsageCount Value="34"/>
      </Unit138>
      <Unit139>
        <Filename Value="..\shared\ints\0x34\mouse.pp"/>
        <EditorIndex Value="-1"/>
        <UsageCount Value="8"/>
      </Unit139>
      <Unit140>
        <Filename Value="..\shared\ints\0x34\tmode.pp"/>
        <EditorIndex Value="-1"/>
        <TopLine Value="10"/>
        <CursorPos X="22" Y="33"/>
        <UsageCount Value="20"/>
      </Unit140>
      <Unit141>
        <Filename Value="..\shared\drivers\graphic\drv_vesa20.pp"/>
        <EditorIndex Value="-1"/>
        <UsageCount Value="8"/>
      </Unit141>
      <Unit142>
        <Filename Value="..\shared\ints\tmode.pp"/>
        <EditorIndex Value="-1"/>
        <UsageCount Value="8"/>
      </Unit142>
      <Unit143>
        <Filename Value="core\gvars.pp"/>
        <EditorIndex Value="-1"/>
        <CursorPos Y="25"/>
        <UsageCount Value="18"/>
      </Unit143>
      <Unit144>
        <Filename Value="gvars.pp"/>
        <EditorIndex Value="-1"/>
        <WindowIndex Value="-1"/>
        <TopLine Value="-1"/>
        <CursorPos X="-1" Y="-1"/>
        <UsageCount Value="18"/>
      </Unit144>
      <Unit145>
        <Filename Value="macmsg.pp"/>
        <IsPartOfProject Value="True"/>
        <EditorIndex Value="2"/>
        <TopLine Value="71"/>
        <CursorPos X="6" Y="78"/>
        <UsageCount Value="64"/>
        <Loaded Value="True"/>
      </Unit145>
      <Unit146>
        <Filename Value="..\shared\core\timer.pp"/>
        <EditorIndex Value="-1"/>
        <TopLine Value="8"/>
        <CursorPos X="3" Y="72"/>
        <UsageCount Value="24"/>
      </Unit146>
      <Unit147>
        <Filename Value="..\shared\ints\int_tmode.pp"/>
        <EditorIndex Value="-1"/>
        <UsageCount Value="10"/>
      </Unit147>
      <Unit148>
        <Filename Value="..\shared\core\process.pp"/>
        <EditorIndex Value="-1"/>
        <UsageCount Value="12"/>
      </Unit148>
      <Unit149>
        <Filename Value="..\shared\core\gvars.pp"/>
        <EditorIndex Value="-1"/>
        <UsageCount Value="22"/>
      </Unit149>
      <Unit150>
        <Filename Value="..\shared\core\tmode.pp"/>
        <EditorIndex Value="4"/>
        <CursorPos X="3" Y="57"/>
        <UsageCount Value="37"/>
        <Loaded Value="True"/>
      </Unit150>
      <Unit151>
        <Filename Value="..\shared\ints\int_process.pp"/>
        <EditorIndex Value="-1"/>
        <TopLine Value="30"/>
        <CursorPos X="30" Y="47"/>
        <UsageCount Value="20"/>
      </Unit151>
      <Unit152>
        <Filename Value="..\shared\core\memory.pp"/>
        <IsPartOfProject Value="True"/>
        <EditorIndex Value="-1"/>
        <CursorPos X="36" Y="98"/>
        <UsageCount Value="51"/>
      </Unit152>
      <Unit153>
        <Filename Value="..\shared\core\vmm.pp"/>
        <EditorIndex Value="11"/>
        <TopLine Value="56"/>
        <CursorPos X="15" Y="72"/>
        <UsageCount Value="27"/>
        <Loaded Value="True"/>
      </Unit153>
      <Unit154>
        <Filename Value="..\bellek.txt"/>
        <IsPartOfProject Value="True"/>
        <EditorIndex Value="10"/>
        <CursorPos X="7" Y="7"/>
        <UsageCount Value="51"/>
        <Loaded Value="True"/>
        <DefaultSyntaxHighlighter Value="None"/>
      </Unit154>
      <Unit155>
        <Filename Value="test.pp"/>
        <IsPartOfProject Value="True"/>
        <EditorIndex Value="-1"/>
        <CursorPos Y="9"/>
        <UsageCount Value="45"/>
      </Unit155>
      <Unit156>
        <Filename Value="..\shared\core\timert.pp"/>
        <EditorIndex Value="-1"/>
        <TopLine Value="290"/>
        <CursorPos X="23" Y="309"/>
        <UsageCount Value="19"/>
      </Unit156>
      <Unit157>
        <Filename Value="..\shared\core\timerg.pp"/>
        <EditorIndex Value="-1"/>
        <TopLine Value="296"/>
        <CursorPos X="28" Y="304"/>
        <UsageCount Value="9"/>
      </Unit157>
      <Unit158>
        <Filename Value="..\core\t\timer.pp"/>
        <IsPartOfProject Value="True"/>
        <EditorIndex Value="5"/>
        <CursorPos X="13" Y="22"/>
        <UsageCount Value="44"/>
        <Loaded Value="True"/>
      </Unit158>
      <Unit159>
        <Filename Value="..\core\t\process.pp"/>
        <IsPartOfProject Value="True"/>
        <EditorIndex Value="6"/>
        <TopLine Value="764"/>
        <CursorPos X="42" Y="766"/>
        <UsageCount Value="44"/>
        <Loaded Value="True"/>
      </Unit159>
      <Unit160>
        <Filename Value="..\shared\core\files.pp"/>
        <EditorIndex Value="-1"/>
        <UsageCount Value="11"/>
      </Unit160>
      <Unit161>
        <Filename Value="commands\datetime.pp"/>
        <IsPartOfProject Value="True"/>
        <EditorIndex Value="-1"/>
        <UsageCount Value="28"/>
      </Unit161>
      <Unit162>
        <Filename Value="..\shared\core\convert.pp"/>
        <EditorIndex Value="-1"/>
        <UsageCount Value="11"/>
      </Unit162>
      <Unit163>
        <Filename Value="commands\sistem.pp"/>
        <IsPartOfProject Value="True"/>
        <EditorIndex Value="-1"/>
        <UsageCount Value="26"/>
      </Unit163>
      <Unit164>
        <Filename Value="..\shared\network\udp.pp"/>
        <EditorIndex Value="1"/>
        <TopLine Value="179"/>
        <CursorPos X="5" Y="192"/>
        <UsageCount Value="10"/>
        <Loaded Value="True"/>
      </Unit164>
      <Unit165>
        <Filename Value="..\shared\core\messages.pp"/>
        <EditorIndex Value="3"/>
        <TopLine Value="78"/>
        <CursorPos X="3" Y="85"/>
        <UsageCount Value="10"/>
        <Loaded Value="True"/>
      </Unit165>
    </Units>
    <JumpHistory Count="30" HistoryIndex="29">
      <Position1>
        <Filename Value="sysmngr.pp"/>
        <Caret Line="420" Column="34" TopLine="407"/>
      </Position1>
      <Position2>
        <Filename Value="kernelt.lpr"/>
        <Caret Line="67" Column="24" TopLine="57"/>
      </Position2>
      <Position3>
        <Filename Value="..\shared\core\tmode.pp"/>
        <Caret Line="29" Column="11" TopLine="15"/>
      </Position3>
      <Position4>
        <Filename Value="kernelt.lpr"/>
        <Caret Line="67" Column="24" TopLine="57"/>
      </Position4>
      <Position5>
        <Filename Value="..\shared\core\vmm.pp"/>
        <Caret Line="19" Column="11" TopLine="5"/>
      </Position5>
      <Position6>
        <Filename Value="..\shared\core\vmm.pp"/>
        <Caret Line="72" Column="15" TopLine="56"/>
      </Position6>
      <Position7>
        <Filename Value="kernelt.lpr"/>
        <Caret Line="69" Column="27" TopLine="58"/>
      </Position7>
      <Position8>
        <Filename Value="..\shared\network\udp.pp"/>
        <Caret Line="192" Column="16" TopLine="179"/>
      </Position8>
      <Position9>
        <Filename Value="macmsg.pp"/>
        <Caret Line="19" Column="11" TopLine="6"/>
      </Position9>
      <Position10>
        <Filename Value="macmsg.pp"/>
        <Caret Line="36" Column="3" TopLine="31"/>
      </Position10>
      <Position11>
        <Filename Value="macmsg.pp"/>
        <Caret Line="19" Column="11" TopLine="6"/>
      </Position11>
      <Position12>
        <Filename Value="macmsg.pp"/>
        <Caret Line="36" Column="3" TopLine="31"/>
      </Position12>
      <Position13>
        <Filename Value="..\shared\network\udp.pp"/>
        <Caret Line="189" Column="41" TopLine="179"/>
      </Position13>
      <Position14>
        <Filename Value="..\shared\network\udp.pp"/>
        <Caret Line="192" Column="5" TopLine="179"/>
      </Position14>
      <Position15>
        <Filename Value="macmsg.pp"/>
        <Caret Line="20" Column="37" TopLine="6"/>
      </Position15>
      <Position16>
        <Filename Value="macmsg.pp"/>
        <Caret Line="68" Column="3" TopLine="52"/>
      </Position16>
      <Position17>
        <Filename Value="macmsg.pp"/>
        <Caret Line="19" Column="11" TopLine="7"/>
      </Position17>
      <Position18>
        <Filename Value="macmsg.pp"/>
        <Caret Line="43" TopLine="32"/>
      </Position18>
      <Position19>
        <Filename Value="macmsg.pp"/>
        <Caret Line="20" Column="11" TopLine="6"/>
      </Position19>
      <Position20>
        <Filename Value="macmsg.pp"/>
        <Caret Line="72" Column="28" TopLine="50"/>
      </Position20>
      <Position21>
        <Filename Value="..\shared\core\messages.pp"/>
        <Caret Line="33" Column="15" TopLine="20"/>
      </Position21>
      <Position22>
        <Filename Value="macmsg.pp"/>
        <Caret Line="73" Column="24" TopLine="56"/>
      </Position22>
      <Position23>
        <Filename Value="macmsg.pp"/>
        <Caret Line="79" Column="24" TopLine="61"/>
      </Position23>
      <Position24>
        <Filename Value="macmsg.pp"/>
        <Caret Line="84" Column="13" TopLine="70"/>
      </Position24>
      <Position25>
        <Filename Value="macmsg.pp"/>
        <Caret Line="21" Column="11" TopLine="8"/>
      </Position25>
      <Position26>
        <Filename Value="macmsg.pp"/>
        <Caret Line="85" Column="3" TopLine="83"/>
      </Position26>
      <Position27>
        <Filename Value="macmsg.pp"/>
        <Caret Line="83" Column="17" TopLine="70"/>
      </Position27>
      <Position28>
        <Filename Value="macmsg.pp"/>
      </Position28>
      <Position29>
        <Filename Value="macmsg.pp"/>
        <Caret Line="21" Column="17"/>
      </Position29>
      <Position30>
        <Filename Value="macmsg.pp"/>
        <Caret Line="48" Column="17" TopLine="41"/>
      </Position30>
    </JumpHistory>
  </ProjectOptions>
  <CompilerOptions>
    <Version Value="11"/>
    <Target>
      <Filename Value="kernelt.bin"/>
    </Target>
    <SearchPaths>
      <IncludeFiles Value="$(ProjOutDir)"/>
      <OtherUnitFiles Value="../rtl_kernel/linux/units/i386-linux;../shared;../shared/core;../core/t;../shared/hardware;../shared/drivers/network;../shared/font;../shared/drivers/graphic;../shared/others;../shared/cursors;../shared/drivers/mouse;../shared/drivers;../shared/fs;../shared/objects;../shared/fformat;../shared/usb;../shared/network;../vobjects;commands"/>
      <UnitOutputDirectory Value="outlib"/>
    </SearchPaths>
    <Parsing>
      <Style Value="1"/>
      <SyntaxOptions>
        <CPPInline Value="False"/>
        <UseAnsiStrings Value="False"/>
      </SyntaxOptions>
    </Parsing>
    <CodeGeneration>
      <TargetCPU Value="i386"/>
      <TargetOS Value="linux"/>
      <Optimizations>
        <OptimizationLevel Value="0"/>
      </Optimizations>
    </CodeGeneration>
    <Linking>
      <Debugging>
        <GenerateDebugInfo Value="False"/>
        <UseLineInfoUnit Value="False"/>
      </Debugging>
      <Options>
        <PassLinkerOptions Value="True"/>
        <LinkerOptions Value="-Tkernelt.ld"/>
      </Options>
    </Linking>
    <Other>
      <CustomOptions Value="-dTMODE"/>
      <ExecuteAfter>
        <Command Value="kopyala.bat"/>
      </ExecuteAfter>
    </Other>
  </CompilerOptions>
  <Debugging>
    <Exceptions Count="3">
      <Item1>
        <Name Value="EAbort"/>
      </Item1>
      <Item2>
        <Name Value="ECodetoolError"/>
      </Item2>
      <Item3>
        <Name Value="EFOpenError"/>
      </Item3>
    </Exceptions>
  </Debugging>
</CONFIG>
